// !$*UTF8*$!
{
	archiveVersion = 1;
	classes = {
	};
	objectVersion = 55;
	objects = {

/* Begin PBXBuildFile section */
		F49DC742284CAA13004CD30D /* AfricaApp.swift in Sources */ = {isa = PBXBuildFile; fileRef = F49DC741284CAA13004CD30D /* AfricaApp.swift */; };
		F49DC744284CAA13004CD30D /* ContentView.swift in Sources */ = {isa = PBXBuildFile; fileRef = F49DC743284CAA13004CD30D /* ContentView.swift */; };
		F49DC746284CAA1A004CD30D /* Assets.xcassets in Resources */ = {isa = PBXBuildFile; fileRef = F49DC745284CAA1A004CD30D /* Assets.xcassets */; };
		F49DC749284CAA1A004CD30D /* Preview Assets.xcassets in Resources */ = {isa = PBXBuildFile; fileRef = F49DC748284CAA1A004CD30D /* Preview Assets.xcassets */; };
		F49DC759284CB703004CD30D /* giraffe.mp4 in Resources */ = {isa = PBXBuildFile; fileRef = F49DC750284CB6FF004CD30D /* giraffe.mp4 */; };
		F49DC75A284CB703004CD30D /* hippo.mp4 in Resources */ = {isa = PBXBuildFile; fileRef = F49DC751284CB6FF004CD30D /* hippo.mp4 */; };
		F49DC75B284CB703004CD30D /* cheetah.mp4 in Resources */ = {isa = PBXBuildFile; fileRef = F49DC752284CB700004CD30D /* cheetah.mp4 */; };
		F49DC75C284CB703004CD30D /* elephant.mp4 in Resources */ = {isa = PBXBuildFile; fileRef = F49DC753284CB700004CD30D /* elephant.mp4 */; };
		F49DC75D284CB703004CD30D /* ostrich.mp4 in Resources */ = {isa = PBXBuildFile; fileRef = F49DC754284CB701004CD30D /* ostrich.mp4 */; };
		F49DC75E284CB703004CD30D /* gorilla.mp4 in Resources */ = {isa = PBXBuildFile; fileRef = F49DC755284CB701004CD30D /* gorilla.mp4 */; };
		F49DC75F284CB703004CD30D /* rhino.mp4 in Resources */ = {isa = PBXBuildFile; fileRef = F49DC756284CB702004CD30D /* rhino.mp4 */; };
		F49DC760284CB703004CD30D /* zebra.mp4 in Resources */ = {isa = PBXBuildFile; fileRef = F49DC757284CB702004CD30D /* zebra.mp4 */; };
		F49DC761284CB703004CD30D /* lioness.mp4 in Resources */ = {isa = PBXBuildFile; fileRef = F49DC758284CB702004CD30D /* lioness.mp4 */; };
		F49DC767284CB86C004CD30D /* locations.json in Resources */ = {isa = PBXBuildFile; fileRef = F49DC763284CB86C004CD30D /* locations.json */; };
		F49DC768284CB86C004CD30D /* covers.json in Resources */ = {isa = PBXBuildFile; fileRef = F49DC764284CB86C004CD30D /* covers.json */; };
		F49DC769284CB86C004CD30D /* videos.json in Resources */ = {isa = PBXBuildFile; fileRef = F49DC765284CB86C004CD30D /* videos.json */; };
		F49DC76A284CB86C004CD30D /* animals.json in Resources */ = {isa = PBXBuildFile; fileRef = F49DC766284CB86C004CD30D /* animals.json */; };
		F49DC76E284CBB9B004CD30D /* VideoListView.swift in Sources */ = {isa = PBXBuildFile; fileRef = F49DC76D284CBB9B004CD30D /* VideoListView.swift */; };
		F49DC770284CBBC2004CD30D /* MapView.swift in Sources */ = {isa = PBXBuildFile; fileRef = F49DC76F284CBBC2004CD30D /* MapView.swift */; };
		F49DC772284CBBD6004CD30D /* GalleryView.swift in Sources */ = {isa = PBXBuildFile; fileRef = F49DC771284CBBD6004CD30D /* GalleryView.swift */; };
		F49DC774284CBBEE004CD30D /* MainView.swift in Sources */ = {isa = PBXBuildFile; fileRef = F49DC773284CBBEE004CD30D /* MainView.swift */; };
		F49DC777284CBFDF004CD30D /* CoverImageView.swift in Sources */ = {isa = PBXBuildFile; fileRef = F49DC776284CBFDF004CD30D /* CoverImageView.swift */; };
		F49DC77A284CC441004CD30D /* CoverImageModel.swift in Sources */ = {isa = PBXBuildFile; fileRef = F49DC779284CC441004CD30D /* CoverImageModel.swift */; };
		F49DC77D284CC5D3004CD30D /* CodableBundleExtension.swift in Sources */ = {isa = PBXBuildFile; fileRef = F49DC77C284CC5D3004CD30D /* CodableBundleExtension.swift */; };
		F49DC77F284CDC3B004CD30D /* AnimalListItemView.swift in Sources */ = {isa = PBXBuildFile; fileRef = F49DC77E284CDC3B004CD30D /* AnimalListItemView.swift */; };
		F49DC781284CE093004CD30D /* AnimalModel.swift in Sources */ = {isa = PBXBuildFile; fileRef = F49DC780284CE093004CD30D /* AnimalModel.swift */; };
		F49DC783284DA17A004CD30D /* AnimalDetailView.swift in Sources */ = {isa = PBXBuildFile; fileRef = F49DC782284DA179004CD30D /* AnimalDetailView.swift */; };
		F49DC787284DAB29004CD30D /* HeadingView.swift in Sources */ = {isa = PBXBuildFile; fileRef = F49DC786284DAB29004CD30D /* HeadingView.swift */; };
		F49DC789284DAD80004CD30D /* InsetGalleryView.swift in Sources */ = {isa = PBXBuildFile; fileRef = F49DC788284DAD80004CD30D /* InsetGalleryView.swift */; };
		F49DC78B284E2E86004CD30D /* InsetFactView.swift in Sources */ = {isa = PBXBuildFile; fileRef = F49DC78A284E2E85004CD30D /* InsetFactView.swift */; };
		F49DC78D284E32B8004CD30D /* InsetMapView.swift in Sources */ = {isa = PBXBuildFile; fileRef = F49DC78C284E32B8004CD30D /* InsetMapView.swift */; };
		F49DC78F284E3C5C004CD30D /* ExternalWebLinkView.swift in Sources */ = {isa = PBXBuildFile; fileRef = F49DC78E284E3C5C004CD30D /* ExternalWebLinkView.swift */; };
		F49DC791284E959E004CD30D /* VideoModel.swift in Sources */ = {isa = PBXBuildFile; fileRef = F49DC790284E959D004CD30D /* VideoModel.swift */; };
		F49DC793284E9635004CD30D /* VideoListItemView.swift in Sources */ = {isa = PBXBuildFile; fileRef = F49DC792284E9635004CD30D /* VideoListItemView.swift */; };
		F49DC795284F5BC7004CD30D /* VideoPlayerView.swift in Sources */ = {isa = PBXBuildFile; fileRef = F49DC794284F5BC6004CD30D /* VideoPlayerView.swift */; };
		F49DC798284F6296004CD30D /* VideoPlayerHelper.swift in Sources */ = {isa = PBXBuildFile; fileRef = F49DC797284F6295004CD30D /* VideoPlayerHelper.swift */; };
		F49DC79A284F6E8C004CD30D /* LocationModel.swift in Sources */ = {isa = PBXBuildFile; fileRef = F49DC799284F6E8C004CD30D /* LocationModel.swift */; };
		F49DC79C284F7EF7004CD30D /* MapAnnotationView.swift in Sources */ = {isa = PBXBuildFile; fileRef = F49DC79B284F7EF7004CD30D /* MapAnnotationView.swift */; };
/* End PBXBuildFile section */

/* Begin PBXFileReference section */
		F49DC73E284CAA13004CD30D /* Africa.app */ = {isa = PBXFileReference; explicitFileType = wrapper.application; includeInIndex = 0; path = Africa.app; sourceTree = BUILT_PRODUCTS_DIR; };
		F49DC741284CAA13004CD30D /* AfricaApp.swift */ = {isa = PBXFileReference; lastKnownFileType = sourcecode.swift; path = AfricaApp.swift; sourceTree = "<group>"; };
		F49DC743284CAA13004CD30D /* ContentView.swift */ = {isa = PBXFileReference; lastKnownFileType = sourcecode.swift; path = ContentView.swift; sourceTree = "<group>"; };
		F49DC745284CAA1A004CD30D /* Assets.xcassets */ = {isa = PBXFileReference; lastKnownFileType = folder.assetcatalog; path = Assets.xcassets; sourceTree = "<group>"; };
		F49DC748284CAA1A004CD30D /* Preview Assets.xcassets */ = {isa = PBXFileReference; lastKnownFileType = folder.assetcatalog; path = "Preview Assets.xcassets"; sourceTree = "<group>"; };
		F49DC750284CB6FF004CD30D /* giraffe.mp4 */ = {isa = PBXFileReference; lastKnownFileType = file; path = giraffe.mp4; sourceTree = "<group>"; };
		F49DC751284CB6FF004CD30D /* hippo.mp4 */ = {isa = PBXFileReference; lastKnownFileType = file; path = hippo.mp4; sourceTree = "<group>"; };
		F49DC752284CB700004CD30D /* cheetah.mp4 */ = {isa = PBXFileReference; lastKnownFileType = file; path = cheetah.mp4; sourceTree = "<group>"; };
		F49DC753284CB700004CD30D /* elephant.mp4 */ = {isa = PBXFileReference; lastKnownFileType = file; path = elephant.mp4; sourceTree = "<group>"; };
		F49DC754284CB701004CD30D /* ostrich.mp4 */ = {isa = PBXFileReference; lastKnownFileType = file; path = ostrich.mp4; sourceTree = "<group>"; };
		F49DC755284CB701004CD30D /* gorilla.mp4 */ = {isa = PBXFileReference; lastKnownFileType = file; path = gorilla.mp4; sourceTree = "<group>"; };
		F49DC756284CB702004CD30D /* rhino.mp4 */ = {isa = PBXFileReference; lastKnownFileType = file; path = rhino.mp4; sourceTree = "<group>"; };
		F49DC757284CB702004CD30D /* zebra.mp4 */ = {isa = PBXFileReference; lastKnownFileType = file; path = zebra.mp4; sourceTree = "<group>"; };
		F49DC758284CB702004CD30D /* lioness.mp4 */ = {isa = PBXFileReference; lastKnownFileType = file; path = lioness.mp4; sourceTree = "<group>"; };
		F49DC763284CB86C004CD30D /* locations.json */ = {isa = PBXFileReference; fileEncoding = 4; lastKnownFileType = text.json; path = locations.json; sourceTree = "<group>"; };
		F49DC764284CB86C004CD30D /* covers.json */ = {isa = PBXFileReference; fileEncoding = 4; lastKnownFileType = text.json; path = covers.json; sourceTree = "<group>"; };
		F49DC765284CB86C004CD30D /* videos.json */ = {isa = PBXFileReference; fileEncoding = 4; lastKnownFileType = text.json; path = videos.json; sourceTree = "<group>"; };
		F49DC766284CB86C004CD30D /* animals.json */ = {isa = PBXFileReference; fileEncoding = 4; lastKnownFileType = text.json; path = animals.json; sourceTree = "<group>"; };
		F49DC76B284CB9B7004CD30D /* Info.plist */ = {isa = PBXFileReference; lastKnownFileType = text.plist; path = Info.plist; sourceTree = "<group>"; };
		F49DC76D284CBB9B004CD30D /* VideoListView.swift */ = {isa = PBXFileReference; lastKnownFileType = sourcecode.swift; path = VideoListView.swift; sourceTree = "<group>"; };
		F49DC76F284CBBC2004CD30D /* MapView.swift */ = {isa = PBXFileReference; lastKnownFileType = sourcecode.swift; path = MapView.swift; sourceTree = "<group>"; };
		F49DC771284CBBD6004CD30D /* GalleryView.swift */ = {isa = PBXFileReference; lastKnownFileType = sourcecode.swift; path = GalleryView.swift; sourceTree = "<group>"; };
		F49DC773284CBBEE004CD30D /* MainView.swift */ = {isa = PBXFileReference; lastKnownFileType = sourcecode.swift; path = MainView.swift; sourceTree = "<group>"; };
		F49DC776284CBFDF004CD30D /* CoverImageView.swift */ = {isa = PBXFileReference; lastKnownFileType = sourcecode.swift; path = CoverImageView.swift; sourceTree = "<group>"; };
		F49DC779284CC441004CD30D /* CoverImageModel.swift */ = {isa = PBXFileReference; lastKnownFileType = sourcecode.swift; path = CoverImageModel.swift; sourceTree = "<group>"; };
		F49DC77C284CC5D3004CD30D /* CodableBundleExtension.swift */ = {isa = PBXFileReference; lastKnownFileType = sourcecode.swift; path = CodableBundleExtension.swift; sourceTree = "<group>"; };
		F49DC77E284CDC3B004CD30D /* AnimalListItemView.swift */ = {isa = PBXFileReference; lastKnownFileType = sourcecode.swift; path = AnimalListItemView.swift; sourceTree = "<group>"; };
		F49DC780284CE093004CD30D /* AnimalModel.swift */ = {isa = PBXFileReference; lastKnownFileType = sourcecode.swift; path = AnimalModel.swift; sourceTree = "<group>"; };
		F49DC782284DA179004CD30D /* AnimalDetailView.swift */ = {isa = PBXFileReference; lastKnownFileType = sourcecode.swift; path = AnimalDetailView.swift; sourceTree = "<group>"; };
		F49DC786284DAB29004CD30D /* HeadingView.swift */ = {isa = PBXFileReference; lastKnownFileType = sourcecode.swift; path = HeadingView.swift; sourceTree = "<group>"; };
		F49DC788284DAD80004CD30D /* InsetGalleryView.swift */ = {isa = PBXFileReference; lastKnownFileType = sourcecode.swift; path = InsetGalleryView.swift; sourceTree = "<group>"; };
		F49DC78A284E2E85004CD30D /* InsetFactView.swift */ = {isa = PBXFileReference; lastKnownFileType = sourcecode.swift; path = InsetFactView.swift; sourceTree = "<group>"; };
		F49DC78C284E32B8004CD30D /* InsetMapView.swift */ = {isa = PBXFileReference; lastKnownFileType = sourcecode.swift; path = InsetMapView.swift; sourceTree = "<group>"; };
		F49DC78E284E3C5C004CD30D /* ExternalWebLinkView.swift */ = {isa = PBXFileReference; lastKnownFileType = sourcecode.swift; path = ExternalWebLinkView.swift; sourceTree = "<group>"; };
		F49DC790284E959D004CD30D /* VideoModel.swift */ = {isa = PBXFileReference; lastKnownFileType = sourcecode.swift; path = VideoModel.swift; sourceTree = "<group>"; };
		F49DC792284E9635004CD30D /* VideoListItemView.swift */ = {isa = PBXFileReference; lastKnownFileType = sourcecode.swift; path = VideoListItemView.swift; sourceTree = "<group>"; };
		F49DC794284F5BC6004CD30D /* VideoPlayerView.swift */ = {isa = PBXFileReference; lastKnownFileType = sourcecode.swift; path = VideoPlayerView.swift; sourceTree = "<group>"; };
		F49DC797284F6295004CD30D /* VideoPlayerHelper.swift */ = {isa = PBXFileReference; lastKnownFileType = sourcecode.swift; path = VideoPlayerHelper.swift; sourceTree = "<group>"; };
		F49DC799284F6E8C004CD30D /* LocationModel.swift */ = {isa = PBXFileReference; lastKnownFileType = sourcecode.swift; path = LocationModel.swift; sourceTree = "<group>"; };
		F49DC79B284F7EF7004CD30D /* MapAnnotationView.swift */ = {isa = PBXFileReference; lastKnownFileType = sourcecode.swift; path = MapAnnotationView.swift; sourceTree = "<group>"; };
/* End PBXFileReference section */

/* Begin PBXFrameworksBuildPhase section */
		F49DC73B284CAA13004CD30D /* Frameworks */ = {
			isa = PBXFrameworksBuildPhase;
			buildActionMask = 2147483647;
			files = (
			);
			runOnlyForDeploymentPostprocessing = 0;
		};
/* End PBXFrameworksBuildPhase section */

/* Begin PBXGroup section */
		F49DC735284CAA12004CD30D = {
			isa = PBXGroup;
			children = (
				F49DC740284CAA13004CD30D /* Africa */,
				F49DC73F284CAA13004CD30D /* Products */,
			);
			sourceTree = "<group>";
		};
		F49DC73F284CAA13004CD30D /* Products */ = {
			isa = PBXGroup;
			children = (
				F49DC73E284CAA13004CD30D /* Africa.app */,
			);
			name = Products;
			sourceTree = "<group>";
		};
		F49DC740284CAA13004CD30D /* Africa */ = {
			isa = PBXGroup;
			children = (
				F49DC796284F6269004CD30D /* Helper */,
				F49DC77B284CC5B6004CD30D /* Extension */,
				F49DC778284CC402004CD30D /* Model */,
				F49DC775284CBFBE004CD30D /* View */,
				F49DC76B284CB9B7004CD30D /* Info.plist */,
				F49DC762284CB838004CD30D /* Data */,
				F49DC74F284CB685004CD30D /* Video */,
				F49DC76C284CBB63004CD30D /* App */,
				F49DC745284CAA1A004CD30D /* Assets.xcassets */,
				F49DC747284CAA1A004CD30D /* Preview Content */,
			);
			path = Africa;
			sourceTree = "<group>";
		};
		F49DC747284CAA1A004CD30D /* Preview Content */ = {
			isa = PBXGroup;
			children = (
				F49DC748284CAA1A004CD30D /* Preview Assets.xcassets */,
			);
			path = "Preview Content";
			sourceTree = "<group>";
		};
		F49DC74F284CB685004CD30D /* Video */ = {
			isa = PBXGroup;
			children = (
				F49DC752284CB700004CD30D /* cheetah.mp4 */,
				F49DC753284CB700004CD30D /* elephant.mp4 */,
				F49DC750284CB6FF004CD30D /* giraffe.mp4 */,
				F49DC755284CB701004CD30D /* gorilla.mp4 */,
				F49DC751284CB6FF004CD30D /* hippo.mp4 */,
				F49DC758284CB702004CD30D /* lioness.mp4 */,
				F49DC754284CB701004CD30D /* ostrich.mp4 */,
				F49DC756284CB702004CD30D /* rhino.mp4 */,
				F49DC757284CB702004CD30D /* zebra.mp4 */,
			);
			path = Video;
			sourceTree = "<group>";
		};
		F49DC762284CB838004CD30D /* Data */ = {
			isa = PBXGroup;
			children = (
				F49DC766284CB86C004CD30D /* animals.json */,
				F49DC764284CB86C004CD30D /* covers.json */,
				F49DC763284CB86C004CD30D /* locations.json */,
				F49DC765284CB86C004CD30D /* videos.json */,
			);
			path = Data;
			sourceTree = "<group>";
		};
		F49DC76C284CBB63004CD30D /* App */ = {
			isa = PBXGroup;
			children = (
				F49DC741284CAA13004CD30D /* AfricaApp.swift */,
				F49DC743284CAA13004CD30D /* ContentView.swift */,
				F49DC76D284CBB9B004CD30D /* VideoListView.swift */,
				F49DC76F284CBBC2004CD30D /* MapView.swift */,
				F49DC771284CBBD6004CD30D /* GalleryView.swift */,
				F49DC773284CBBEE004CD30D /* MainView.swift */,
			);
			path = App;
			sourceTree = "<group>";
		};
		F49DC775284CBFBE004CD30D /* View */ = {
			isa = PBXGroup;
			children = (
				F49DC776284CBFDF004CD30D /* CoverImageView.swift */,
				F49DC77E284CDC3B004CD30D /* AnimalListItemView.swift */,
				F49DC782284DA179004CD30D /* AnimalDetailView.swift */,
				F49DC786284DAB29004CD30D /* HeadingView.swift */,
				F49DC788284DAD80004CD30D /* InsetGalleryView.swift */,
				F49DC78A284E2E85004CD30D /* InsetFactView.swift */,
				F49DC78C284E32B8004CD30D /* InsetMapView.swift */,
				F49DC78E284E3C5C004CD30D /* ExternalWebLinkView.swift */,
				F49DC792284E9635004CD30D /* VideoListItemView.swift */,
				F49DC794284F5BC6004CD30D /* VideoPlayerView.swift */,
				F49DC79B284F7EF7004CD30D /* MapAnnotationView.swift */,
			);
			path = View;
			sourceTree = "<group>";
		};
		F49DC778284CC402004CD30D /* Model */ = {
			isa = PBXGroup;
			children = (
				F49DC779284CC441004CD30D /* CoverImageModel.swift */,
				F49DC780284CE093004CD30D /* AnimalModel.swift */,
				F49DC790284E959D004CD30D /* VideoModel.swift */,
				F49DC799284F6E8C004CD30D /* LocationModel.swift */,
			);
			path = Model;
			sourceTree = "<group>";
		};
		F49DC77B284CC5B6004CD30D /* Extension */ = {
			isa = PBXGroup;
			children = (
				F49DC77C284CC5D3004CD30D /* CodableBundleExtension.swift */,
			);
			path = Extension;
			sourceTree = "<group>";
		};
		F49DC796284F6269004CD30D /* Helper */ = {
			isa = PBXGroup;
			children = (
				F49DC797284F6295004CD30D /* VideoPlayerHelper.swift */,
			);
			path = Helper;
			sourceTree = "<group>";
		};
/* End PBXGroup section */

/* Begin PBXNativeTarget section */
		F49DC73D284CAA13004CD30D /* Africa */ = {
			isa = PBXNativeTarget;
			buildConfigurationList = F49DC74C284CAA1A004CD30D /* Build configuration list for PBXNativeTarget "Africa" */;
			buildPhases = (
				F49DC73A284CAA13004CD30D /* Sources */,
				F49DC73B284CAA13004CD30D /* Frameworks */,
				F49DC73C284CAA13004CD30D /* Resources */,
			);
			buildRules = (
			);
			dependencies = (
			);
			name = Africa;
			productName = Africa;
			productReference = F49DC73E284CAA13004CD30D /* Africa.app */;
			productType = "com.apple.product-type.application";
		};
/* End PBXNativeTarget section */

/* Begin PBXProject section */
		F49DC736284CAA12004CD30D /* Project object */ = {
			isa = PBXProject;
			attributes = {
				BuildIndependentTargetsInParallel = 1;
				LastSwiftUpdateCheck = 1320;
				LastUpgradeCheck = 1320;
				TargetAttributes = {
					F49DC73D284CAA13004CD30D = {
						CreatedOnToolsVersion = 13.2.1;
					};
				};
			};
			buildConfigurationList = F49DC739284CAA12004CD30D /* Build configuration list for PBXProject "Africa" */;
			compatibilityVersion = "Xcode 13.0";
			developmentRegion = en;
			hasScannedForEncodings = 0;
			knownRegions = (
				en,
				Base,
			);
			mainGroup = F49DC735284CAA12004CD30D;
			productRefGroup = F49DC73F284CAA13004CD30D /* Products */;
			projectDirPath = "";
			projectRoot = "";
			targets = (
				F49DC73D284CAA13004CD30D /* Africa */,
			);
		};
/* End PBXProject section */

/* Begin PBXResourcesBuildPhase section */
		F49DC73C284CAA13004CD30D /* Resources */ = {
			isa = PBXResourcesBuildPhase;
			buildActionMask = 2147483647;
			files = (
				F49DC76A284CB86C004CD30D /* animals.json in Resources */,
				F49DC768284CB86C004CD30D /* covers.json in Resources */,
				F49DC75A284CB703004CD30D /* hippo.mp4 in Resources */,
				F49DC761284CB703004CD30D /* lioness.mp4 in Resources */,
				F49DC769284CB86C004CD30D /* videos.json in Resources */,
				F49DC75D284CB703004CD30D /* ostrich.mp4 in Resources */,
				F49DC75B284CB703004CD30D /* cheetah.mp4 in Resources */,
				F49DC75F284CB703004CD30D /* rhino.mp4 in Resources */,
				F49DC75C284CB703004CD30D /* elephant.mp4 in Resources */,
				F49DC75E284CB703004CD30D /* gorilla.mp4 in Resources */,
				F49DC760284CB703004CD30D /* zebra.mp4 in Resources */,
				F49DC749284CAA1A004CD30D /* Preview Assets.xcassets in Resources */,
				F49DC746284CAA1A004CD30D /* Assets.xcassets in Resources */,
				F49DC767284CB86C004CD30D /* locations.json in Resources */,
				F49DC759284CB703004CD30D /* giraffe.mp4 in Resources */,
			);
			runOnlyForDeploymentPostprocessing = 0;
		};
/* End PBXResourcesBuildPhase section */

/* Begin PBXSourcesBuildPhase section */
		F49DC73A284CAA13004CD30D /* Sources */ = {
			isa = PBXSourcesBuildPhase;
			buildActionMask = 2147483647;
			files = (
				F49DC793284E9635004CD30D /* VideoListItemView.swift in Sources */,
				F49DC744284CAA13004CD30D /* ContentView.swift in Sources */,
				F49DC77F284CDC3B004CD30D /* AnimalListItemView.swift in Sources */,
				F49DC774284CBBEE004CD30D /* MainView.swift in Sources */,
				F49DC78B284E2E86004CD30D /* InsetFactView.swift in Sources */,
				F49DC777284CBFDF004CD30D /* CoverImageView.swift in Sources */,
				F49DC77A284CC441004CD30D /* CoverImageModel.swift in Sources */,
				F49DC783284DA17A004CD30D /* AnimalDetailView.swift in Sources */,
				F49DC781284CE093004CD30D /* AnimalModel.swift in Sources */,
				F49DC770284CBBC2004CD30D /* MapView.swift in Sources */,
				F49DC798284F6296004CD30D /* VideoPlayerHelper.swift in Sources */,
				F49DC78D284E32B8004CD30D /* InsetMapView.swift in Sources */,
				F49DC742284CAA13004CD30D /* AfricaApp.swift in Sources */,
				F49DC79C284F7EF7004CD30D /* MapAnnotationView.swift in Sources */,
				F49DC78F284E3C5C004CD30D /* ExternalWebLinkView.swift in Sources */,
				F49DC76E284CBB9B004CD30D /* VideoListView.swift in Sources */,
				F49DC791284E959E004CD30D /* VideoModel.swift in Sources */,
				F49DC79A284F6E8C004CD30D /* LocationModel.swift in Sources */,
				F49DC772284CBBD6004CD30D /* GalleryView.swift in Sources */,
				F49DC789284DAD80004CD30D /* InsetGalleryView.swift in Sources */,
				F49DC77D284CC5D3004CD30D /* CodableBundleExtension.swift in Sources */,
				F49DC787284DAB29004CD30D /* HeadingView.swift in Sources */,
				F49DC795284F5BC7004CD30D /* VideoPlayerView.swift in Sources */,
			);
			runOnlyForDeploymentPostprocessing = 0;
		};
/* End PBXSourcesBuildPhase section */

/* Begin XCBuildConfiguration section */
		F49DC74A284CAA1A004CD30D /* Debug */ = {
			isa = XCBuildConfiguration;
			buildSettings = {
				ALWAYS_SEARCH_USER_PATHS = NO;
				CLANG_ANALYZER_NONNULL = YES;
				CLANG_ANALYZER_NUMBER_OBJECT_CONVERSION = YES_AGGRESSIVE;
				CLANG_CXX_LANGUAGE_STANDARD = "gnu++17";
				CLANG_CXX_LIBRARY = "libc++";
				CLANG_ENABLE_MODULES = YES;
				CLANG_ENABLE_OBJC_ARC = YES;
				CLANG_ENABLE_OBJC_WEAK = YES;
				CLANG_WARN_BLOCK_CAPTURE_AUTORELEASING = YES;
				CLANG_WARN_BOOL_CONVERSION = YES;
				CLANG_WARN_COMMA = YES;
				CLANG_WARN_CONSTANT_CONVERSION = YES;
				CLANG_WARN_DEPRECATED_OBJC_IMPLEMENTATIONS = YES;
				CLANG_WARN_DIRECT_OBJC_ISA_USAGE = YES_ERROR;
				CLANG_WARN_DOCUMENTATION_COMMENTS = YES;
				CLANG_WARN_EMPTY_BODY = YES;
				CLANG_WARN_ENUM_CONVERSION = YES;
				CLANG_WARN_INFINITE_RECURSION = YES;
				CLANG_WARN_INT_CONVERSION = YES;
				CLANG_WARN_NON_LITERAL_NULL_CONVERSION = YES;
				CLANG_WARN_OBJC_IMPLICIT_RETAIN_SELF = YES;
				CLANG_WARN_OBJC_LITERAL_CONVERSION = YES;
				CLANG_WARN_OBJC_ROOT_CLASS = YES_ERROR;
				CLANG_WARN_QUOTED_INCLUDE_IN_FRAMEWORK_HEADER = YES;
				CLANG_WARN_RANGE_LOOP_ANALYSIS = YES;
				CLANG_WARN_STRICT_PROTOTYPES = YES;
				CLANG_WARN_SUSPICIOUS_MOVE = YES;
				CLANG_WARN_UNGUARDED_AVAILABILITY = YES_AGGRESSIVE;
				CLANG_WARN_UNREACHABLE_CODE = YES;
				CLANG_WARN__DUPLICATE_METHOD_MATCH = YES;
				COPY_PHASE_STRIP = NO;
				DEBUG_INFORMATION_FORMAT = dwarf;
				ENABLE_STRICT_OBJC_MSGSEND = YES;
				ENABLE_TESTABILITY = YES;
				GCC_C_LANGUAGE_STANDARD = gnu11;
				GCC_DYNAMIC_NO_PIC = NO;
				GCC_NO_COMMON_BLOCKS = YES;
				GCC_OPTIMIZATION_LEVEL = 0;
				GCC_PREPROCESSOR_DEFINITIONS = (
					"DEBUG=1",
					"$(inherited)",
				);
				GCC_WARN_64_TO_32_BIT_CONVERSION = YES;
				GCC_WARN_ABOUT_RETURN_TYPE = YES_ERROR;
				GCC_WARN_UNDECLARED_SELECTOR = YES;
				GCC_WARN_UNINITIALIZED_AUTOS = YES_AGGRESSIVE;
				GCC_WARN_UNUSED_FUNCTION = YES;
				GCC_WARN_UNUSED_VARIABLE = YES;
				IPHONEOS_DEPLOYMENT_TARGET = 15.2;
				MTL_ENABLE_DEBUG_INFO = INCLUDE_SOURCE;
				MTL_FAST_MATH = YES;
				ONLY_ACTIVE_ARCH = YES;
				SDKROOT = iphoneos;
				SWIFT_ACTIVE_COMPILATION_CONDITIONS = DEBUG;
				SWIFT_OPTIMIZATION_LEVEL = "-Onone";
			};
			name = Debug;
		};
		F49DC74B284CAA1A004CD30D /* Release */ = {
			isa = XCBuildConfiguration;
			buildSettings = {
				ALWAYS_SEARCH_USER_PATHS = NO;
				CLANG_ANALYZER_NONNULL = YES;
				CLANG_ANALYZER_NUMBER_OBJECT_CONVERSION = YES_AGGRESSIVE;
				CLANG_CXX_LANGUAGE_STANDARD = "gnu++17";
				CLANG_CXX_LIBRARY = "libc++";
				CLANG_ENABLE_MODULES = YES;
				CLANG_ENABLE_OBJC_ARC = YES;
				CLANG_ENABLE_OBJC_WEAK = YES;
				CLANG_WARN_BLOCK_CAPTURE_AUTORELEASING = YES;
				CLANG_WARN_BOOL_CONVERSION = YES;
				CLANG_WARN_COMMA = YES;
				CLANG_WARN_CONSTANT_CONVERSION = YES;
				CLANG_WARN_DEPRECATED_OBJC_IMPLEMENTATIONS = YES;
				CLANG_WARN_DIRECT_OBJC_ISA_USAGE = YES_ERROR;
				CLANG_WARN_DOCUMENTATION_COMMENTS = YES;
				CLANG_WARN_EMPTY_BODY = YES;
				CLANG_WARN_ENUM_CONVERSION = YES;
				CLANG_WARN_INFINITE_RECURSION = YES;
				CLANG_WARN_INT_CONVERSION = YES;
				CLANG_WARN_NON_LITERAL_NULL_CONVERSION = YES;
				CLANG_WARN_OBJC_IMPLICIT_RETAIN_SELF = YES;
				CLANG_WARN_OBJC_LITERAL_CONVERSION = YES;
				CLANG_WARN_OBJC_ROOT_CLASS = YES_ERROR;
				CLANG_WARN_QUOTED_INCLUDE_IN_FRAMEWORK_HEADER = YES;
				CLANG_WARN_RANGE_LOOP_ANALYSIS = YES;
				CLANG_WARN_STRICT_PROTOTYPES = YES;
				CLANG_WARN_SUSPICIOUS_MOVE = YES;
				CLANG_WARN_UNGUARDED_AVAILABILITY = YES_AGGRESSIVE;
				CLANG_WARN_UNREACHABLE_CODE = YES;
				CLANG_WARN__DUPLICATE_METHOD_MATCH = YES;
				COPY_PHASE_STRIP = NO;
				DEBUG_INFORMATION_FORMAT = "dwarf-with-dsym";
				ENABLE_NS_ASSERTIONS = NO;
				ENABLE_STRICT_OBJC_MSGSEND = YES;
				GCC_C_LANGUAGE_STANDARD = gnu11;
				GCC_NO_COMMON_BLOCKS = YES;
				GCC_WARN_64_TO_32_BIT_CONVERSION = YES;
				GCC_WARN_ABOUT_RETURN_TYPE = YES_ERROR;
				GCC_WARN_UNDECLARED_SELECTOR = YES;
				GCC_WARN_UNINITIALIZED_AUTOS = YES_AGGRESSIVE;
				GCC_WARN_UNUSED_FUNCTION = YES;
				GCC_WARN_UNUSED_VARIABLE = YES;
				IPHONEOS_DEPLOYMENT_TARGET = 15.2;
				MTL_ENABLE_DEBUG_INFO = NO;
				MTL_FAST_MATH = YES;
				SDKROOT = iphoneos;
				SWIFT_COMPILATION_MODE = wholemodule;
				SWIFT_OPTIMIZATION_LEVEL = "-O";
				VALIDATE_PRODUCT = YES;
			};
			name = Release;
		};
		F49DC74D284CAA1A004CD30D /* Debug */ = {
			isa = XCBuildConfiguration;
			buildSettings = {
				ASSETCATALOG_COMPILER_APPICON_NAME = AppIcon;
				ASSETCATALOG_COMPILER_GLOBAL_ACCENT_COLOR_NAME = AccentColor;
				CODE_SIGN_STYLE = Automatic;
				CURRENT_PROJECT_VERSION = 1;
				DEVELOPMENT_ASSET_PATHS = "\"Africa/Preview Content\"";
				ENABLE_PREVIEWS = YES;
				GENERATE_INFOPLIST_FILE = YES;
				INFOPLIST_FILE = Africa/Info.plist;
				INFOPLIST_KEY_LSApplicationCategoryType = "";
				INFOPLIST_KEY_UIApplicationSceneManifest_Generation = YES;
				INFOPLIST_KEY_UIApplicationSupportsIndirectInputEvents = YES;
				INFOPLIST_KEY_UISupportedInterfaceOrientations_iPad = "UIInterfaceOrientationPortrait UIInterfaceOrientationPortraitUpsideDown UIInterfaceOrientationLandscapeLeft UIInterfaceOrientationLandscapeRight";
				INFOPLIST_KEY_UISupportedInterfaceOrientations_iPhone = "UIInterfaceOrientationPortrait UIInterfaceOrientationLandscapeLeft UIInterfaceOrientationLandscapeRight";
				INFOPLIST_KEY_UIUserInterfaceStyle = Dark;
				LD_RUNPATH_SEARCH_PATHS = (
					"$(inherited)",
					"@executable_path/Frameworks",
				);
				MARKETING_VERSION = 1.0;
				PRODUCT_BUNDLE_IDENTIFIER = org.devhassan.Africa;
				PRODUCT_NAME = "$(TARGET_NAME)";
				SWIFT_EMIT_LOC_STRINGS = YES;
				SWIFT_VERSION = 5.0;
				TARGETED_DEVICE_FAMILY = "1,2";
			};
			name = Debug;
		};
		F49DC74E284CAA1A004CD30D /* Release */ = {
			isa = XCBuildConfiguration;
			buildSettings = {
				ASSETCATALOG_COMPILER_APPICON_NAME = AppIcon;
				ASSETCATALOG_COMPILER_GLOBAL_ACCENT_COLOR_NAME = AccentColor;
				CODE_SIGN_STYLE = Automatic;
				CURRENT_PROJECT_VERSION = 1;
				DEVELOPMENT_ASSET_PATHS = "\"Africa/Preview Content\"";
				ENABLE_PREVIEWS = YES;
				GENERATE_INFOPLIST_FILE = YES;
				INFOPLIST_FILE = Africa/Info.plist;
				INFOPLIST_KEY_LSApplicationCategoryType = "";
				INFOPLIST_KEY_UIApplicationSceneManifest_Generation = YES;
				INFOPLIST_KEY_UIApplicationSupportsIndirectInputEvents = YES;
				INFOPLIST_KEY_UISupportedInterfaceOrientations_iPad = "UIInterfaceOrientationPortrait UIInterfaceOrientationPortraitUpsideDown UIInterfaceOrientationLandscapeLeft UIInterfaceOrientationLandscapeRight";
				INFOPLIST_KEY_UISupportedInterfaceOrientations_iPhone = "UIInterfaceOrientationPortrait UIInterfaceOrientationLandscapeLeft UIInterfaceOrientationLandscapeRight";
				INFOPLIST_KEY_UIUserInterfaceStyle = Dark;
				LD_RUNPATH_SEARCH_PATHS = (
					"$(inherited)",
					"@executable_path/Frameworks",
				);
				MARKETING_VERSION = 1.0;
				PRODUCT_BUNDLE_IDENTIFIER = org.devhassan.Africa;
				PRODUCT_NAME = "$(TARGET_NAME)";
				SWIFT_EMIT_LOC_STRINGS = YES;
				SWIFT_VERSION = 5.0;
				TARGETED_DEVICE_FAMILY = "1,2";
			};
			name = Release;
		};
/* End XCBuildConfiguration section */

/* Begin XCConfigurationList section */
		F49DC739284CAA12004CD30D /* Build configuration list for PBXProject "Africa" */ = {
			isa = XCConfigurationList;
			buildConfigurations = (
				F49DC74A284CAA1A004CD30D /* Debug */,
				F49DC74B284CAA1A004CD30D /* Release */,
			);
			defaultConfigurationIsVisible = 0;
			defaultConfigurationName = Release;
		};
		F49DC74C284CAA1A004CD30D /* Build configuration list for PBXNativeTarget "Africa" */ = {
			isa = XCConfigurationList;
			buildConfigurations = (
				F49DC74D284CAA1A004CD30D /* Debug */,
				F49DC74E284CAA1A004CD30D /* Release */,
			);
			defaultConfigurationIsVisible = 0;
			defaultConfigurationName = Release;
		};
/* End XCConfigurationList section */
	};
	rootObject = F49DC736284CAA12004CD30D /* Project object */;
}
